
Microsoft Visual Studio Solution File, Format Version 12.00
# Visual Studio Version 16
VisualStudioVersion = 16.0.30711.63
MinimumVisualStudioVersion = 10.0.40219.1
Project("{FAE04EC0-301F-11D3-BF4B-00C04F79EFBC}") = "SakilaActorsForm", "AdventureWorksSalesForm\SakilaActorsForm.csproj", "{93ABCAB0-0634-4272-B88B-BB969F8CAF29}"
EndProject
Project("{FAE04EC0-301F-11D3-BF4B-00C04F79EFBC}") = "UserControlSakilaActorsDetails", "UserControlSales\UserControlSakilaActorsDetails.csproj", "{388CE02C-DF51-4B26-8A31-73DEB123B1E2}"
EndProject
Global
	GlobalSection(SolutionConfigurationPlatforms) = preSolution
		Debug|Any CPU = Debug|Any CPU
		Release|Any CPU = Release|Any CPU
	EndGlobalSection
	GlobalSection(ProjectConfigurationPlatforms) = postSolution
		{93ABCAB0-0634-4272-B88B-BB969F8CAF29}.Debug|Any CPU.ActiveCfg = Debug|Any CPU
		{93ABCAB0-0634-4272-B88B-BB969F8CAF29}.Debug|Any CPU.Build.0 = Debug|Any CPU
		{93ABCAB0-0634-4272-B88B-BB969F8CAF29}.Release|Any CPU.ActiveCfg = Release|Any CPU
		{93ABCAB0-0634-4272-B88B-BB969F8CAF29}.Release|Any CPU.Build.0 = Release|Any CPU
		{388CE02C-DF51-4B26-8A31-73DEB123B1E2}.Debug|Any CPU.ActiveCfg = Debug|Any CPU
		{388CE02C-DF51-4B26-8A31-73DEB123B1E2}.Debug|Any CPU.Build.0 = Debug|Any CPU
		{388CE02C-DF51-4B26-8A31-73DEB123B1E2}.Release|Any CPU.ActiveCfg = Release|Any CPU
		{388CE02C-DF51-4B26-8A31-73DEB123B1E2}.Release|Any CPU.Build.0 = Release|Any CPU
	EndGlobalSection
	GlobalSection(SolutionProperties) = preSolution
		HideSolutionNode = FALSE
	EndGlobalSection
	GlobalSection(ExtensibilityGlobals) = postSolution
		SolutionGuid = {880124B2-352E-4864-88A4-0BDA846E3027}
	EndGlobalSection
EndGlobal
